
Microsoft Visual Studio Solution File, Format Version 12.00
# Visual Studio Version 16
VisualStudioVersion = 16.0.31911.196
MinimumVisualStudioVersion = 10.0.40219.1
Project("{FAE04EC0-301F-11D3-BF4B-00C04F79EFBC}") = "1.1", "1.1\1.1.csproj", "{AE62ABAF-6866-43DF-BF57-7BAD13B6E098}"
EndProject
Global
	GlobalSection(SolutionConfigurationPlatforms) = preSolution
		Debug|Any CPU = Debug|Any CPU
		Release|Any CPU = Release|Any CPU
	EndGlobalSection
	GlobalSection(ProjectConfigurationPlatforms) = postSolution
		{AE62ABAF-6866-43DF-BF57-7BAD13B6E098}.Debug|Any CPU.ActiveCfg = Debug|Any CPU
		{AE62ABAF-6866-43DF-BF57-7BAD13B6E098}.Debug|Any CPU.Build.0 = Debug|Any CPU
		{AE62ABAF-6866-43DF-BF57-7BAD13B6E098}.Release|Any CPU.ActiveCfg = Release|Any CPU
		{AE62ABAF-6866-43DF-BF57-7BAD13B6E098}.Release|Any CPU.Build.0 = Release|Any CPU
	EndGlobalSection
	GlobalSection(SolutionProperties) = preSolution
		HideSolutionNode = FALSE
	EndGlobalSection
	GlobalSection(ExtensibilityGlobals) = postSolution
		SolutionGuid = {E1C2E9DF-716D-4F93-AF7F-1ABD2255686C}
	EndGlobalSection
EndGlobal
